
Microsoft Visual Studio Solution File, Format Version 12.00
# Visual Studio Version 17
VisualStudioVersion = 17.0.31903.59
MinimumVisualStudioVersion = 10.0.40219.1
Project("{FAE04EC0-301F-11D3-BF4B-00C04F79EFBC}") = "API", "API\API.csproj", "{C6B5790E-F71F-4DA3-B097-3CE4FE2B6C25}"
EndProject
Project("{FAE04EC0-301F-11D3-BF4B-00C04F79EFBC}") = "Core", "Core\Core.csproj", "{4235CB5B-8F29-43C7-98B2-C5740789325C}"
EndProject
Project("{FAE04EC0-301F-11D3-BF4B-00C04F79EFBC}") = "Infrastructure", "Infrastructure\Infrastructure.csproj", "{74068F25-C101-4C75-A8B8-5B3C33D005E1}"
EndProject
Global
	GlobalSection(SolutionConfigurationPlatforms) = preSolution
		Debug|Any CPU = Debug|Any CPU
		Release|Any CPU = Release|Any CPU
	EndGlobalSection
	GlobalSection(SolutionProperties) = preSolution
		HideSolutionNode = FALSE
	EndGlobalSection
	GlobalSection(ProjectConfigurationPlatforms) = postSolution
		{C6B5790E-F71F-4DA3-B097-3CE4FE2B6C25}.Debug|Any CPU.ActiveCfg = Debug|Any CPU
		{C6B5790E-F71F-4DA3-B097-3CE4FE2B6C25}.Debug|Any CPU.Build.0 = Debug|Any CPU
		{C6B5790E-F71F-4DA3-B097-3CE4FE2B6C25}.Release|Any CPU.ActiveCfg = Release|Any CPU
		{C6B5790E-F71F-4DA3-B097-3CE4FE2B6C25}.Release|Any CPU.Build.0 = Release|Any CPU
		{4235CB5B-8F29-43C7-98B2-C5740789325C}.Debug|Any CPU.ActiveCfg = Debug|Any CPU
		{4235CB5B-8F29-43C7-98B2-C5740789325C}.Debug|Any CPU.Build.0 = Debug|Any CPU
		{4235CB5B-8F29-43C7-98B2-C5740789325C}.Release|Any CPU.ActiveCfg = Release|Any CPU
		{4235CB5B-8F29-43C7-98B2-C5740789325C}.Release|Any CPU.Build.0 = Release|Any CPU
		{74068F25-C101-4C75-A8B8-5B3C33D005E1}.Debug|Any CPU.ActiveCfg = Debug|Any CPU
		{74068F25-C101-4C75-A8B8-5B3C33D005E1}.Debug|Any CPU.Build.0 = Debug|Any CPU
		{74068F25-C101-4C75-A8B8-5B3C33D005E1}.Release|Any CPU.ActiveCfg = Release|Any CPU
		{74068F25-C101-4C75-A8B8-5B3C33D005E1}.Release|Any CPU.Build.0 = Release|Any CPU
	EndGlobalSection
EndGlobal
